{
    "_meta": {
        "hash": {
            "sha256": "0c4e2e842c1fb3c8a7e71a8c511fdf4c06e142fe518ff115f4ebbf495c617445"
        },
        "pipfile-spec": 6,
        "requires": {
            "python_version": "3.6"
        },
        "sources": [
            {
                "name": "pypi",
                "url": "https://pypi.python.org/simple",
                "verify_ssl": true
            }
        ]
    },
    "default": {
        "beaker": {
            "hashes": [
                "sha256:6072892918225f5a055413082f2ff285f3ebca6a3873a0d6e163253ba83f0450"
            ],
            "version": "==1.10.0"
        },
        "btrees": {
            "hashes": [
                "sha256:00184658f44a7ffee63f3025064b8e6dff0e15017a333bec5764db96a8105afe",
                "sha256:03fac05d577e828bfca57e75e68758ab0ad6a3ca729654c46615160a6d22fb7b",
                "sha256:0bb33f9934e2da2a96286364ea45f0c14b5cbef06a5bc470d1e4a65fff206f5f",
                "sha256:0d99375d90702784dfb2de73a5bffabbfa7e2360552f07390ddd51a1fd4aa628",
                "sha256:125da38910d7824361daaf0b3ee4ef0dde503500c6411ef9ff9ab885fc16fb1c",
                "sha256:1b5281040aaba7b713ad7ae39a251c3eeaee611413debeea8951d27839c09367",
                "sha256:2223996cfd33a54a05fa554aa59d1c87a45a8b3324e61e202e9ba30e9b237fad",
                "sha256:24d8d17f623004962ed9465fe93e22333dd6c046942461c45ff9b86ef38af369",
                "sha256:2acad394a6cf02277696a43f5d46a560565941ff2b729170bf13758724cbec21",
                "sha256:416c31c22a6a53a1a34d392319397048b00d1f99036399630634526e4caab7ba",
                "sha256:429f7c5b839935fe57ef84e149eb955602139accfcc20d284aa02253bf84dcd6",
                "sha256:64ab1f1075b853cbf7ab7a137619eadefc0119d6ad89ab9c21b2db44de56075b",
                "sha256:68f4f5d7b737c37fd96424d4ce5056b79ec540ea558a5ebf48f1dd9e98863c7e",
                "sha256:728f74faada31ff4f181f1c4a5edfe8c2c63f06318457552fabf9aba4bbda79f",
                "sha256:73b585737af603a509600e1de3ec51022db6e24728c4d47d14c9240436611e4a",
                "sha256:7c02e633d763e6a98af86eb5cc1517826cb717e86ea4daba60cd2674a48bf704",
                "sha256:86528547a9aacb4d9f1883a3ec0534ecc2ad819d0e65aa6f8a425e0cfa5a21c6",
                "sha256:9fbc8cf9c81c1ccbb87c4f45027e14c7875ca243238afd671fea8b0b9a384653",
                "sha256:a0ab5431c2b9f041a1b6a3d58c368e123c54c692dbb0e7dfce2fa2a40ecdd5c9",
                "sha256:a9c3ade43191655e7b45fd2ccb79e6b9ef0a4c4f15b9bdee7d3893c3e9333f14",
                "sha256:bed965c1d2f4b84f7e4a23f0ccc2c3bb1c8d5c011ce338692fcd6d79095be6d1",
                "sha256:c392818ac04a8a7832a20894d9c76096a409a7761d9a83fc6c8e0dc8854cd12e",
                "sha256:d0b5097f12391e5c1745cc230daedd55d04b68b7c65f7544933335bfb761e911",
                "sha256:d203ac51328629397a66cd855429cd71bc1ad81506be3d93b01e75eefce43be8",
                "sha256:d977b39821331c8aab16ce9635eabc2287d3f26d9c6a76dfd29e55c8e58ffc48",
                "sha256:dcc096c3cf92efd6b9365951f89118fd30bc209c9af83bf050a28151a9992786",
                "sha256:e8f9019ec9485312d2c7bfacb6d2cb6c7af8a93f308f0ec229170b10bfd7a243",
                "sha256:fae16e7597f9a5f87c88dfbf582cd2f14a04b440b5249c23c415e63f6927fc10"
            ],
            "version": "==4.5.1"
        },
        "certifi": {
            "hashes": [
                "sha256:339dc09518b07e2fa7eda5450740925974815557727d6bd35d319c1524a04a4c",
                "sha256:6d58c986d22b038c8c0df30d639f23a3e6d172a05c3583e766f4c0b785c0986a"
            ],
            "version": "==2018.10.15"
        },
        "chameleon": {
            "hashes": [
                "sha256:cb0f97211faf03b46bf30e517c0e589bdc4a6cf678a9d1d68312d710849303a9"
            ],
            "version": "==3.5"
        },
        "chardet": {
            "hashes": [
                "sha256:84ab92ed1c4d4f16916e05906b6b75a6c0fb5db821cc65e70cbd64a3e2a5eaae",
                "sha256:fc323ffcaeaed0e0a02bf4d117757b98aed530d9ed4531e3e15460124c106691"
            ],
            "version": "==3.0.4"
        },
        "colander": {
            "hashes": [
                "sha256:2358303aa04cca0e1865323ce253e65d25f6307d12bade89dbe1aa4e60197d4b",
                "sha256:d86b9e1fb42c80c68b26040e32dad584aa168abf3175133b36f5dace392350a1"
            ],
            "index": "pypi",
            "version": "==1.5.1"
        },
        "cornice": {
            "hashes": [
                "sha256:ad1995826ece82a5be3a030d177645a759548c496eaccdba70597cd1e198b8f0",
                "sha256:c88f246aa6a84a0cdbaa8231a062c60e18ad9c0a65dc178f536ce5eb3a831418"
            ],
            "index": "pypi",
            "version": "==3.4.2"
        },
        "cssmin": {
            "hashes": [
                "sha256:e012f0cc8401efcf2620332339011564738ae32be8c84b2e43ce8beaec1067b6"
            ],
            "index": "pypi",
            "version": "==0.2.0"
        },
        "deform": {
            "hashes": [
                "sha256:2ff29c32ebe544c0f0a77087e268b2cd9cb4b11fa35af3635d5b42913f88d74a",
                "sha256:920a62b4101dc50fac453346524ca44b80f51dda3b6faafeb775012ef418c572"
            ],
            "index": "pypi",
            "version": "==2.0.7"
        },
        "docutils": {
            "hashes": [
                "sha256:02aec4bd92ab067f6ff27a38a38a41173bf01bed8f89157768c1573f53e474a6",
                "sha256:51e64ef2ebfb29cae1faa133b3710143496eca21c530f3f71424d77687764274",
                "sha256:7a4bd47eaf6596e1295ecb11361139febe29b084a87bf005bf899f9a42edc3c6"
            ],
            "index": "pypi",
            "version": "==0.14"
        },
        "filemagic": {
            "hashes": [
                "sha256:e684359ef40820fe406f0ebc5bf8a78f89717bdb7fed688af68082d991d6dbf3"
            ],
            "index": "pypi",
            "version": "==1.6"
        },
        "hupper": {
            "hashes": [
                "sha256:17dd6f59e7cd52166302b2a6a3112e03fb4612eaff9bb19cd0603cf67e03c5cf",
                "sha256:795e89e6157e8b1f25556bf2a7dc5358706efdcd03cdc2641ba665071e6e6ead"
            ],
            "version": "==1.4.1"
        },
        "idna": {
            "hashes": [
                "sha256:156a6814fb5ac1fc6850fb002e0852d56c0c8d2531923a51032d1b70760e186e",
                "sha256:684a38a6f903c1d71d6d5fac066b58d7768af4de2b832e426ec79c30daa94a16"
            ],
            "version": "==2.7"
        },
        "iso8601": {
            "hashes": [
                "sha256:210e0134677cc0d02f6028087fee1df1e1d76d372ee1db0bf30bf66c5c1c89a3",
                "sha256:49c4b20e1f38aa5cf109ddcd39647ac419f928512c869dc01d5c7098eddede82",
                "sha256:bbbae5fb4a7abfe71d4688fd64bff70b91bbd74ef6a99d964bab18f7fdf286dd"
            ],
            "version": "==0.1.12"
        },
        "jinja2": {
            "hashes": [
                "sha256:74c935a1b8bb9a3947c50a54766a969d4846290e1e788ea44c1392163723c3bd",
                "sha256:f84be1bb0040caca4cea721fcbbbbd61f9be9464ca236387158b0feea01914a4"
            ],
            "version": "==2.10"
        },
        "jsmin": {
            "hashes": [
                "sha256:b6df99b2cd1c75d9d342e4335b535789b8da9107ec748212706ef7bbe5c2553b"
            ],
            "index": "pypi",
            "version": "==2.2.2"
        },
        "mako": {
            "hashes": [
                "sha256:4e02fde57bd4abb5ec400181e4c314f56ac3e49ba4fb8b0d50bba18cb27d25ae"
            ],
            "version": "==1.0.7"
        },
        "markupsafe": {
            "hashes": [
                "sha256:048ef924c1623740e70204aa7143ec592504045ae4429b59c30054cb31e3c432",
                "sha256:130f844e7f5bdd8e9f3f42e7102ef1d49b2e6fdf0d7526df3f87281a532d8c8b",
                "sha256:19f637c2ac5ae9da8bfd98cef74d64b7e1bb8a63038a3505cd182c3fac5eb4d9",
                "sha256:1b8a7a87ad1b92bd887568ce54b23565f3fd7018c4180136e1cf412b405a47af",
                "sha256:1c25694ca680b6919de53a4bb3bdd0602beafc63ff001fea2f2fc16ec3a11834",
                "sha256:1f19ef5d3908110e1e891deefb5586aae1b49a7440db952454b4e281b41620cd",
                "sha256:1fa6058938190ebe8290e5cae6c351e14e7bb44505c4a7624555ce57fbbeba0d",
                "sha256:31cbb1359e8c25f9f48e156e59e2eaad51cd5242c05ed18a8de6dbe85184e4b7",
                "sha256:3e835d8841ae7863f64e40e19477f7eb398674da6a47f09871673742531e6f4b",
                "sha256:4e97332c9ce444b0c2c38dd22ddc61c743eb208d916e4265a2a3b575bdccb1d3",
                "sha256:525396ee324ee2da82919f2ee9c9e73b012f23e7640131dd1b53a90206a0f09c",
                "sha256:52b07fbc32032c21ad4ab060fec137b76eb804c4b9a1c7c7dc562549306afad2",
                "sha256:52ccb45e77a1085ec5461cde794e1aa037df79f473cbc69b974e73940655c8d7",
                "sha256:5c3fbebd7de20ce93103cb3183b47671f2885307df4a17a0ad56a1dd51273d36",
                "sha256:5e5851969aea17660e55f6a3be00037a25b96a9b44d2083651812c99d53b14d1",
                "sha256:5edfa27b2d3eefa2210fb2f5d539fbed81722b49f083b2c6566455eb7422fd7e",
                "sha256:7d263e5770efddf465a9e31b78362d84d015cc894ca2c131901a4445eaa61ee1",
                "sha256:83381342bfc22b3c8c06f2dd93a505413888694302de25add756254beee8449c",
                "sha256:857eebb2c1dc60e4219ec8e98dfa19553dae33608237e107db9c6078b1167856",
                "sha256:98e439297f78fca3a6169fd330fbe88d78b3bb72f967ad9961bcac0d7fdd1550",
                "sha256:bf54103892a83c64db58125b3f2a43df6d2cb2d28889f14c78519394feb41492",
                "sha256:d9ac82be533394d341b41d78aca7ed0e0f4ba5a2231602e2f05aa87f25c51672",
                "sha256:e982fe07ede9fada6ff6705af70514a52beb1b2c3d25d4e873e82114cf3c5401",
                "sha256:edce2ea7f3dfc981c4ddc97add8a61381d9642dc3273737e756517cc03e84dd6",
                "sha256:efdc45ef1afc238db84cb4963aa689c0408912a0239b0721cb172b4016eb31d6",
                "sha256:f137c02498f8b935892d5c0172560d7ab54bc45039de8805075e19079c639a9c",
                "sha256:f82e347a72f955b7017a39708a3667f106e6ad4d10b25f237396a7115d8ed5fd",
                "sha256:fb7c206e01ad85ce57feeaaa0bf784b97fa3cad0d4a5737bc5295785f5c613a1"
            ],
            "version": "==1.1.0"
        },
        "munch": {
            "hashes": [
                "sha256:6ae3d26b837feacf732fb8aa5b842130da1daf221f5af9f9d4b2a0a6414b0d51"
            ],
            "index": "pypi",
            "version": "==2.3.2"
        },
        "pastedeploy": {
            "hashes": [
                "sha256:39973e73f391335fac8bc8a8a95f7d34a9f42e2775600ce2dc518d93b37ef943",
                "sha256:d5858f89a255e6294e63ed46b73613c56e3b9a2d82a42f1df4d06c8421a9e3cb"
            ],
            "version": "==1.5.2"
        },
        "peppercorn": {
            "hashes": [
                "sha256:46125cad688a9cf3b08e463bcb797891ee73ece93602a8ea6f14e40d1042d454",
                "sha256:96d7681d7a04545cfbaf2c6fb66de67b29cfc42421aa263e4c78f2cbb85be4c6"
            ],
            "version": "==0.6"
        },
        "persistent": {
            "hashes": [
                "sha256:0cb01d465fa38834ccfbf6e0221e8ca4423e3b5bd0e57a5184c7200724ec87dd",
                "sha256:0dee103f45f973864342bdc5391ad49f348fb769f1e0d9db555b41adddfaee2f",
                "sha256:19f8626d9356ad33ac9c15f36db34c6a67a43e056868c5c6888d52d6d0d15e93",
                "sha256:1cf2ebe71bbb2e13f89a05b495ce1cc6bc82cb97b2637e5212b3bce5b636c6d8",
                "sha256:26750c923945a90194ef21a68e816e72b26c099051f2b1533dc7f9ba383824ad",
                "sha256:364d1973b8633eb3b8998caf4dc78fcaa6222a5d9555ae70f151ad931b9bec04",
                "sha256:463502049882394e5a552b3911903c26b6eab371e96da852063b01134326267f",
                "sha256:53cdf664708c53072130485c6646b00162a246bd64db850895d1944394c1897d",
                "sha256:5914a8299428b5a4e6f81ee692768584e4efaadc959fcaf4bd759ffe813e8a43",
                "sha256:5c2cb1041d306a0a6f4ece13281f56792d8d739c12ae2aeff7bada9ff687177b",
                "sha256:5e9501d9e7663789a07d0a64d6f7d88858a5b4dac96d65a2aa3af2be09a1c766",
                "sha256:6765eab176cde56a492666952b97eaaa79742e5e6fc17efcd1b6d0be9d471116",
                "sha256:8f7f840365913a01eedd8ae706578fda613c71ecc21595d563d28f408d69beb2",
                "sha256:9a9767803a0cdbce8fab6c9719d877ec56410a363b30baf4f35c3ff3d1495169",
                "sha256:a97d94663264e765ddd3fe7246e47e0b74e54b0fa5ab1e3de1404ff91e89ceaf",
                "sha256:b1d77fa947f03f23802061db874914f2951db24786e2fd63339165877e5fb03e",
                "sha256:d49b0fb3edb2ebd288c9877c09c08035ba57e1cc91cf8dd0599a6a578bbe474d"
            ],
            "version": "==4.4.3"
        },
        "plaster": {
            "hashes": [
                "sha256:215c921a438b5349931fd7df9a5a11a3572947f20f4bc6dd622ac08f1c3ba249",
                "sha256:8351c7c7efdf33084c1de88dd0f422cbe7342534537b553c49b857b12d98c8c3"
            ],
            "version": "==1.0"
        },
        "plaster-pastedeploy": {
            "hashes": [
                "sha256:71e29b0ab90df8343bca5f0debe4706f0f8147308a78922c8c26e8252809bce4",
                "sha256:c231130cb86ae414084008fe1d1797db7e61dc5eaafb5e755de21387c27c6fae"
            ],
            "version": "==0.6"
        },
        "pygments": {
            "hashes": [
                "sha256:78f3f434bcc5d6ee09020f92ba487f95ba50f1e3ef83ae96b9d5ffa1bab25c5d",
                "sha256:dbae1046def0efb574852fab9e90209b23f556367b5a320c0bcb871c77c3e8cc"
            ],
            "version": "==2.2.0"
        },
        "pyramid": {
            "hashes": [
                "sha256:37c3e1c9eae72817e0365e2a38143543aee8b75240701fa5cb3a1be86c01a1c0",
                "sha256:3d5a6165854237b41ac67ced7697d8a884ab2b97625fabfa41b9e53d91187698"
            ],
            "index": "pypi",
            "version": "==1.10.1"
        },
        "pyramid-beaker": {
            "hashes": [
                "sha256:77dc658c2c84c8c384b6c07f60dd9d2ccaa30df97a147c790db43636f1e8d441"
            ],
            "index": "pypi",
            "version": "==0.8"
        },
        "pyramid-debugtoolbar": {
            "hashes": [
                "sha256:74c5f52ce33765423810e156949b0f97852c66056c97de8c35a6db9b00195774",
                "sha256:f7c87b4931c17a189a26758c40619e379b670cd18ae1823500ffdc7e79fb6ec9"
            ],
            "index": "pypi",
            "version": "==4.5"
        },
        "pyramid-jinja2": {
            "hashes": [
                "sha256:2e12f1f40d770be2d9680697bb7f9e3dd446341db254b8ebdd8539f9118ddd75",
                "sha256:5c21081f65a5bec0b76957990c2b89ed41f4fd11257121387110cb722fd0e5eb"
            ],
            "index": "pypi",
            "version": "==2.7"
        },
        "pyramid-mako": {
            "hashes": [
                "sha256:6da0987b9874cf53e72139624665a73965bbd7fbde504d1753e4231ce916f3a1"
            ],
            "version": "==1.0.2"
        },
        "pyramid-tm": {
            "hashes": [
                "sha256:7e374c0b774d4a5c83b04fe4c195a601c7219023cf4944a8e4251a86b7e288da",
                "sha256:fde97db9d92039a154ca6afffdd2485874c7d3e7a6432adb51b7a60810bad422"
            ],
            "index": "pypi",
            "version": "==2.2.1"
        },
        "pyramid-zodbconn": {
            "hashes": [
                "sha256:15c5174aee224d81bd032241a2ad1f633ffcabaedd6f1ad5ba2c3fcacdf57047",
                "sha256:52540a82a88a3484896f580db240a096b144d06cf91a7fb90dc7726162440692"
            ],
            "index": "pypi",
            "version": "==0.8.1"
        },
        "pytz": {
            "hashes": [
                "sha256:31cb35c89bd7d333cd32c5f278fca91b523b0834369e757f4c5641ea252236ca",
                "sha256:8e0f8568c118d3077b46be7d654cc8167fa916092e28320cde048e54bfc9f1e6"
            ],
            "index": "pypi",
            "version": "==2018.7"
        },
        "pyzmq": {
            "hashes": [
                "sha256:25a0715c8f69cf72f67cfe5a68a3f3ed391c67c063d2257bec0fe7fc2c7f08f8",
                "sha256:2bab63759632c6b9e0d5bf19cc63c3b01df267d660e0abcf230cf0afaa966349",
                "sha256:30ab49d99b24bf0908ebe1cdfa421720bfab6f93174e4883075b7ff38cc555ba",
                "sha256:32c7ca9fc547a91e3c26fc6080b6982e46e79819e706eb414dd78f635a65d946",
                "sha256:41219ae72b3cc86d97557fe5b1ef5d1adc1057292ec597b50050874a970a39cf",
                "sha256:4b8c48a9a13cea8f1f16622f9bd46127108af14cd26150461e3eab71e0de3e46",
                "sha256:55724997b4a929c0d01b43c95051318e26ddbae23565018e138ae2dc60187e59",
                "sha256:65f0a4afae59d4fc0aad54a917ab599162613a761b760ba167d66cc646ac3786",
                "sha256:6f88591a8b246f5c285ee6ce5c1bf4f6bd8464b7f090b1333a446b6240a68d40",
                "sha256:75022a4c60dcd8765bb9ca32f6de75a0ec83b0d96e0309dc479f4c7b21f26cb7",
                "sha256:76ea493bfab18dcb090d825f3662b5612e2def73dffc196d51a5194b0294a81d",
                "sha256:7b60c045b80709e4e3c085bab9b691e71761b44c2b42dbb047b8b498e7bc16b3",
                "sha256:8e6af2f736734aef8ed6f278f9f552ec7f37b1a6b98e59b887484a840757f67d",
                "sha256:9ac2298e486524331e26390eac14e4627effd3f8e001d4266ed9d8f1d2d31cce",
                "sha256:9ba650f493a9bc1f24feca1d90fce0e5dd41088a252ac9840131dfbdbf3815ca",
                "sha256:a02a4a385e394e46012dc83d2e8fd6523f039bb52997c1c34a2e0dd49ed839c1",
                "sha256:a3ceee84114d9f5711fa0f4db9c652af0e4636c89eabc9b7f03a3882569dd1ed",
                "sha256:a72b82ac1910f2cf61a49139f4974f994984475f771b0faa730839607eeedddf",
                "sha256:ab136ac51027e7c484c53138a0fab4a8a51e80d05162eb7b1585583bcfdbad27",
                "sha256:c095b224300bcac61e6c445e27f9046981b1ac20d891b2f1714da89d34c637c8",
                "sha256:c5cc52d16c06dc2521340d69adda78a8e1031705924e103c0eb8fc8af861d810",
                "sha256:d612e9833a89e8177f8c1dc68d7b4ff98d3186cd331acd616b01bbdab67d3a7b",
                "sha256:e828376a23c66c6fe90dcea24b4b72cd774f555a6ee94081670872918df87a19",
                "sha256:e9767c7ab2eb552796440168d5c6e23a99ecaade08dda16266d43ad461730192",
                "sha256:ebf8b800d42d217e4710d1582b0c8bff20cdcb4faad7c7213e52644034300924"
            ],
            "index": "pypi",
            "version": "==17.1.2"
        },
        "repoze.evolution": {
            "hashes": [
                "sha256:50ee80f3a30a794ddc1f972784aa6a2172c82cf39225536d5f3c00f37517175b"
            ],
            "index": "pypi",
            "version": "==0.6"
        },
        "repoze.lru": {
            "hashes": [
                "sha256:0429a75e19380e4ed50c0694e26ac8819b4ea7851ee1fc7583c8572db80aff77",
                "sha256:f77bf0e1096ea445beadd35f3479c5cff2aa1efe604a133e67150bc8630a62ea"
            ],
            "version": "==0.7"
        },
        "requests": {
            "hashes": [
                "sha256:65b3a120e4329e33c9889db89c80976c5272f56ea92d3e74da8a463992e3ff54",
                "sha256:ea881206e59f41dbd0bd445437d792e43906703fff75ca8ff43ccdb11f33f263"
            ],
            "index": "pypi",
            "version": "==2.20.1"
        },
        "simplejson": {
            "hashes": [
                "sha256:067a7177ddfa32e1483ba5169ebea1bc2ea27f224853211ca669325648ca5642",
                "sha256:2fc546e6af49fb45b93bbe878dea4c48edc34083729c0abd09981fe55bdf7f91",
                "sha256:354fa32b02885e6dae925f1b5bbf842c333c1e11ea5453ddd67309dc31fdb40a",
                "sha256:37e685986cf6f8144607f90340cff72d36acf654f3653a6c47b84c5c38d00df7",
                "sha256:3af610ee72efbe644e19d5eaad575c73fb83026192114e5f6719f4901097fce2",
                "sha256:3b919fc9cf508f13b929a9b274c40786036b31ad28657819b3b9ba44ba651f50",
                "sha256:3dd289368bbd064974d9a5961101f080e939cbe051e6689a193c99fb6e9ac89b",
                "sha256:6c3258ffff58712818a233b9737fe4be943d306c40cf63d14ddc82ba563f483a",
                "sha256:75e3f0b12c28945c08f54350d91e624f8dd580ab74fd4f1bbea54bc6b0165610",
                "sha256:b1f329139ba647a9548aa05fb95d046b4a677643070dc2afc05fa2e975d09ca5",
                "sha256:ee9625fc8ee164902dfbb0ff932b26df112da9f871c32f0f9c1bcf20c350fe2a",
                "sha256:fb2530b53c28f0d4d84990e945c2ebb470edb469d63e389bf02ff409012fe7c5"
            ],
            "version": "==3.16.0"
        },
        "six": {
            "hashes": [
                "sha256:70e8a77beed4562e7f14fe23a786b54f6296e34344c23bc42f07b15018ff98e9",
                "sha256:832dc0e10feb1aa2c68dcc57dbb658f1c7e65b9b61af69048abc87a2db00a0eb"
            ],
            "version": "==1.11.0"
        },
        "termcolor": {
            "hashes": [
                "sha256:1d6d69ce66211143803fbc56652b41d73b4a400a2891d7bf7a1cdf4c02de613b"
            ],
            "index": "pypi",
            "version": "==1.1.0"
        },
        "transaction": {
            "hashes": [
                "sha256:726059c461b9ec4e69e5bead6680667a3db01bf2adf901f23e4031228a0f9f9f",
                "sha256:b96a5e9aaa73f905759bc9ccf0021bf4864c01ac36666e0d28395e871f6d584a"
            ],
            "index": "pypi",
            "version": "==2.4.0"
        },
        "translationstring": {
            "hashes": [
                "sha256:4ee44cfa58c52ade8910ea0ebc3d2d84bdcad9fa0422405b1801ec9b9a65b72d",
                "sha256:e26c7bf383413234ed442e0980a2ebe192b95e3745288a8fd2805156d27515b4"
            ],
            "version": "==1.3"
        },
        "urllib3": {
            "hashes": [
                "sha256:61bf29cada3fc2fbefad4fdf059ea4bd1b4a86d2b6d15e1c7c0b582b9752fe39",
                "sha256:de9529817c93f27c8ccbfead6985011db27bd0ddfcdb2d86f3f663385c6a9c22"
            ],
            "version": "==1.24.1"
        },
        "venusian": {
            "hashes": [
                "sha256:757162c5f907e18571b6ab41b7673e5bf18cc8715abf8164292eaef4f1610668",
                "sha256:9902e492c71a89a241a18b2f9950bea7e41d025cc8f3af1ea8d8201346f8577d"
            ],
            "version": "==1.1.0"
        },
        "waitress": {
            "hashes": [
                "sha256:40b0f297a7f3af61fbfbdc67e59090c70dc150a1601c39ecc9f5f1d283fb931b",
                "sha256:d33cd3d62426c0f1b3cd84ee3d65779c7003aae3fc060dee60524d10a57f05a9"
            ],
            "index": "pypi",
            "version": "==1.1.0"
        },
        "webob": {
            "hashes": [
                "sha256:a48315158db05df0c47fbdd061b57ba0ba85bdd0b6ea9dca87511b4b7c798e99",
                "sha256:fc8c466af474e2e2775f1aef7afb902ed8b82e597eb0b13624818a34e8bfe720"
            ],
            "version": "==1.8.4"
        },
        "zc.lockfile": {
            "hashes": [
                "sha256:95a8e3846937ab2991b61703d6e0251d5abb9604e18412e2714e1b90db173253"
            ],
            "version": "==1.4"
        },
        "zconfig": {
            "hashes": [
                "sha256:22d7fd3b8b12405f4856898995fd69e40bbe239c4c689502ee6d766a7368f585",
                "sha256:9e9bd37edca2b92ca8142a5b3d6323f6fd48f200c0e59636c749213233526f34"
            ],
            "version": "==3.3.0"
        },
        "zdaemon": {
            "hashes": [
                "sha256:f249fc6885646d165d7d6b228a7b71f5170fc7117de9e0688271f8fb97840f72"
            ],
            "version": "==4.3"
        },
        "zeo": {
            "hashes": [
                "sha256:4c1a9fc01114382e58b7ae21135fe0c222f214bf680ad073d5fdccaaaccd6e57"
            ],
            "version": "==5.2.0"
        },
        "zodb": {
            "hashes": [
                "sha256:20155942fa326e89ad8544225bafd74237af332ce9d7c7105a22318fe8269666",
                "sha256:7b25ecb452033e1b26be30ec5a65ebb004044c9ed4312d62f94b0d0de8e185b5"
            ],
            "version": "==5.5.1"
        },
        "zodbpickle": {
            "hashes": [
                "sha256:0005a7d0c0e201830bb1f6f4c370a6b32a9d84ffd124b3868302e85966620fa5",
                "sha256:0064b1fe589b6ef6bb1a6715e193a04db8201a26bf356b8b3b2d29792ba3ddd5",
                "sha256:0604b6475e9f4b181a5a0894526da19a6fc0dcbc3f68e49aaa28d812f8e93b26",
                "sha256:13c6a2164e5b98bd4928a9e4d3bb847c6a46852987a0c9eeb6c02d9b02ab9833",
                "sha256:1b4f11ae41f5869f782cc7913b1148f8a2cad9a70c82dcbbcff50b071d9bce7e",
                "sha256:2aeb8047a7d2192da2c6b7bba1f91d7bcfb69d00e4ccca18c60be4cb3c7b9700",
                "sha256:4a962ecccb32423b92f1cd79d252e1eabd30a54c4f6f1d40057637602759c3c3",
                "sha256:557d4fa8a1ebacdc2b0be9ef77d3e4212f67fd2d0c830b332d90dba08903610d",
                "sha256:66936ac4880f1fced4c7477477aa6412dba2f85540ad7bc043c5dc71d1b7736c",
                "sha256:73af45b2a6baa3d703f7f9cdabdb56394bbf2cd925014c1a1cd7514f6ec5ddd4",
                "sha256:750f7febe2a430626fbbef8bce8a0ab18e57574278c564879ef75ca366a488ca",
                "sha256:812b06abe83ff45672a351d2796b9b94eaf40089d172184c396a2bfbecfe4c77",
                "sha256:88ae3ac189ad1280bc6979a76de68cfee53a403e7268c9e30e1e1cef60360624",
                "sha256:8af788df79a8b6da6339b17c6382a3f047ca60da01de40dbb5ba21db3fdecc07",
                "sha256:8b9349512bc8da7882a105df4cbc13c00bdf358487f1a6cd252777c017ceb85a",
                "sha256:8ce034383159722c4fd23c5db213c1db697fa88e2664c15b65b4d82ac1e4d9db",
                "sha256:8f72145f1c369afdff57d2d649d1136738a7878a549e6c28b08eb7a5c5cecbbf",
                "sha256:90f325decb60d3161bd09f7b0043a7a1b359bf2fc44556fd15937de70e54f0e2",
                "sha256:b5f9d4a5bb7cc85b335af72ef51679fba12404e7424b25e8e16093c9c2f236f4",
                "sha256:c6d9e701b1c4df9a13364a5892ce81d0c923e8bb1e709520f64e4e981c322a41",
                "sha256:d2d38e21f412f611a64eb8107e580b8554070b9b6c944a08459e0a0f6749e0a1",
                "sha256:d426ff1023de2542a80a29426558da77843d1897e8bc7197c73ada3d1ebefc07",
                "sha256:d4ab56a52285d92547357a5ab7ebc76cc86687ded54acabdb3eee7ef9ed07444",
                "sha256:e717dc5af873fb76891ae99c71b441b4ce20019cd88e51b19204c9d38bb78582",
                "sha256:eaff31601b651a42d5968735f122adf4a8e677308a0f76f1e3465163062ce726",
                "sha256:f01b774ac198680bce285856e3ffc4a29a45f1988740fafcffad9bef124fbe7c",
                "sha256:f26e6eba6550ff1575ef2f2831fc8bc0b465f17f9757d0b6c7db55fab5702061",
                "sha256:fdc6ba68b161fb8f475fb21c91ac56746e7ef905d6293a14e48bc1c81be2148c"
            ],
            "version": "==1.0.2"
        },
        "zodburi": {
            "hashes": [
                "sha256:4c796b376e5f012466df23bc4cd79206744a314921b9ee1d4869bb09dae34797",
                "sha256:a5eb3fcc17e043a009de25dd128817e7bbbe289a0419e95dbca88291653ce90d"
            ],
            "version": "==2.3.0"
        },
        "zope.component": {
            "hashes": [
                "sha256:6edfd626c3b593b72895a8cfcf79bff41f4619194ce996a85bce31ac02b94e55",
                "sha256:984a06ba3def0b02b1117fa4c45b56e772e8c29c0340820fbf367e440a93a3a4"
            ],
            "index": "pypi",
            "version": "==4.5"
        },
        "zope.deferredimport": {
            "hashes": [
                "sha256:2ddef5a7ecfff132a2dd796253366ecf9748a446e30f1a0b3a636aec9d9c05c5",
                "sha256:4aae9cbacb2146cca58e62be0a914f0cec034d3b2d41135ea212ca8a96f4b5ec"
            ],
            "version": "==4.3"
        },
        "zope.deprecation": {
            "hashes": [
                "sha256:7d52e134bbaaa0d72e1e2bc90f0587f1adc116c4bdf15912afaf2f1e8856b224",
                "sha256:c83cfef3085d10dcb07de5a59a2d95713865befa46e0e88784c5648610fba789"
            ],
            "version": "==4.3.0"
        },
        "zope.event": {
            "hashes": [
                "sha256:69c27debad9bdacd9ce9b735dad382142281ac770c4a432b533d6d65c4614bcf",
                "sha256:d8e97d165fd5a0997b45f5303ae11ea3338becfe68c401dd88ffd2113fe5cae7"
            ],
            "version": "==4.4"
        },
        "zope.hookable": {
            "hashes": [
                "sha256:22886e421234e7e8cedc21202e1d0ab59960e40a47dd7240e9659a2d82c51370",
                "sha256:39912f446e45b4e1f1951b5ffa2d5c8b074d25727ec51855ae9eab5408f105ab",
                "sha256:3adb7ea0871dbc56b78f62c4f5c024851fc74299f4f2a95f913025b076cde220",
                "sha256:3d7c4b96341c02553d8b8d71065a9366ef67e6c6feca714f269894646bb8268b",
                "sha256:4e826a11a529ed0464ffcecf34b0b7bd1b4928dd5848c5c61bedd7833e8f4801",
                "sha256:700d68cc30728de1c4c62088a981c6daeaefdf20a0d81995d2c0b7f442c5f88c",
                "sha256:77c82a430cedfbf508d1aa406b2f437363c24fa90c73f577ead0fb5295749b83",
                "sha256:c1df3929a3666fc5a0c80d60a0c1e6f6ef97c7f6ed2f1b7cf49f3e6f3d4dde15",
                "sha256:dba8b2dd2cd41cb5f37bfa3f3d82721b8ae10e492944e48ddd90a439227f2893",
                "sha256:f492540305b15b5591bd7195d61f28946bb071de071cee5d68b6b8414da90fd2"
            ],
            "version": "==4.2.0"
        },
        "zope.interface": {
            "hashes": [
                "sha256:086707e0f413ff8800d9c4bc26e174f7ee4c9c8b0302fbad68d083071822316c",
                "sha256:1157b1ec2a1f5bf45668421e3955c60c610e31913cc695b407a574efdbae1f7b",
                "sha256:11ebddf765bff3bbe8dbce10c86884d87f90ed66ee410a7e6c392086e2c63d02",
                "sha256:14b242d53f6f35c2d07aa2c0e13ccb710392bcd203e1b82a1828d216f6f6b11f",
                "sha256:1b3d0dcabc7c90b470e59e38a9acaa361be43b3a6ea644c0063951964717f0e5",
                "sha256:20a12ab46a7e72b89ce0671e7d7a6c3c1ca2c2766ac98112f78c5bddaa6e4375",
                "sha256:298f82c0ab1b182bd1f34f347ea97dde0fffb9ecf850ecf7f8904b8442a07487",
                "sha256:2f6175722da6f23dbfc76c26c241b67b020e1e83ec7fe93c9e5d3dd18667ada2",
                "sha256:3b877de633a0f6d81b600624ff9137312d8b1d0f517064dfc39999352ab659f0",
                "sha256:4265681e77f5ac5bac0905812b828c9fe1ce80c6f3e3f8574acfb5643aeabc5b",
                "sha256:550695c4e7313555549aa1cdb978dc9413d61307531f123558e438871a883d63",
                "sha256:5f4d42baed3a14c290a078e2696c5f565501abde1b2f3f1a1c0a94fbf6fbcc39",
                "sha256:62dd71dbed8cc6a18379700701d959307823b3b2451bdc018594c48956ace745",
                "sha256:7040547e5b882349c0a2cc9b50674b1745db551f330746af434aad4f09fba2cc",
                "sha256:7e099fde2cce8b29434684f82977db4e24f0efa8b0508179fce1602d103296a2",
                "sha256:7e5c9a5012b2b33e87980cee7d1c82412b2ebabcb5862d53413ba1a2cfde23aa",
                "sha256:81295629128f929e73be4ccfdd943a0906e5fe3cdb0d43ff1e5144d16fbb52b1",
                "sha256:95cc574b0b83b85be9917d37cd2fad0ce5a0d21b024e1a5804d044aabea636fc",
                "sha256:968d5c5702da15c5bf8e4a6e4b67a4d92164e334e9c0b6acf080106678230b98",
                "sha256:9e998ba87df77a85c7bed53240a7257afe51a07ee6bc3445a0bf841886da0b97",
                "sha256:a0c39e2535a7e9c195af956610dba5a1073071d2d85e9d2e5d789463f63e52ab",
                "sha256:a15e75d284178afe529a536b0e8b28b7e107ef39626a7809b4ee64ff3abc9127",
                "sha256:a6a6ff82f5f9b9702478035d8f6fb6903885653bff7ec3a1e011edc9b1a7168d",
                "sha256:b639f72b95389620c1f881d94739c614d385406ab1d6926a9ffe1c8abbea23fe",
                "sha256:bad44274b151d46619a7567010f7cde23a908c6faa84b97598fd2f474a0c6891",
                "sha256:bbcef00d09a30948756c5968863316c949d9cedbc7aabac5e8f0ffbdb632e5f1",
                "sha256:d788a3999014ddf416f2dc454efa4a5dbeda657c6aba031cf363741273804c6b",
                "sha256:eed88ae03e1ef3a75a0e96a55a99d7937ed03e53d0cffc2451c208db445a2966",
                "sha256:f99451f3a579e73b5dd58b1b08d1179791d49084371d9a47baad3b22417f0317"
            ],
            "version": "==4.6.0"
        },
        "zope.proxy": {
            "hashes": [
                "sha256:0cbcfcafaa3b5fde7ba7a7b9a2b5f09af25c9b90087ad65f9e61359fed0ca63b",
                "sha256:3de631dd5054a3a20b9ebff0e375f39c0565f1fb9131200d589a6a8f379214cd",
                "sha256:5429134d04d42262f4dac25f6dea907f6334e9a751ffc62cb1d40226fb52bdeb",
                "sha256:563c2454b2d0f23bca54d2e0e4d781149b7b06cb5df67e253ca3620f37202dd2",
                "sha256:5bcf773345016b1461bb07f70c635b9386e5eaaa08e37d3939dcdf12d3fdbec5",
                "sha256:8d84b7aef38c693874e2f2084514522bf73fd720fde0ce2a9352a51315ffa475",
                "sha256:90de9473c05819b36816b6cb957097f809691836ed3142648bf62da84b4502fe",
                "sha256:dd592a69fe872445542a6e1acbefb8e28cbe6b4007b8f5146da917e49b155cc3",
                "sha256:e7399ab865399fce322f9cefc6f2f3e4099d087ba581888a9fea1bbe1db42a08",
                "sha256:e7d1c280d86d72735a420610df592aac72332194e531a8beff43a592c3a1b8eb",
                "sha256:e90243fee902adb0c39eceb3c69995c0f2004bc3fdb482fbf629efc656d124ed"
            ],
            "version": "==4.3.1"
        }
    },
    "develop": {
        "atomicwrites": {
            "hashes": [
                "sha256:0312ad34fcad8fac3704d441f7b317e50af620823353ec657a53e981f92920c0",
                "sha256:ec9ae8adaae229e4f8446952d204a3e4b5fdd2d099f9be3aaf556120135fb3ee"
            ],
            "version": "==1.2.1"
        },
        "attrs": {
            "hashes": [
                "sha256:10cbf6e27dbce8c30807caf056c8eb50917e0eaafe86347671b57254006c3e69",
                "sha256:ca4be454458f9dec299268d472aaa5a11f67a4ff70093396e1ceae9c76cf4bbb"
            ],
            "version": "==18.2.0"
        },
        "autopep8": {
            "hashes": [
                "sha256:33d2b5325b7e1afb4240814fe982eea3a92ebea712869bfd08b3c0393404248c"
            ],
            "index": "pypi",
            "version": "==1.4.3"
        },
        "beautifulsoup4": {
            "hashes": [
                "sha256:194ec62a25438adcb3fdb06378b26559eda1ea8a747367d34c33cef9c7f48d57",
                "sha256:90f8e61121d6ae58362ce3bed8cd997efb00c914eae0ff3d363c32f9a9822d10",
                "sha256:f0abd31228055d698bb392a826528ea08ebb9959e6bea17c606fd9c9009db938"
            ],
            "version": "==4.6.3"
        },
        "coverage": {
            "hashes": [
                "sha256:09e47c529ff77bf042ecfe858fb55c3e3eb97aac2c87f0349ab5a7efd6b3939f",
                "sha256:0a1f9b0eb3aa15c990c328535655847b3420231af299386cfe5efc98f9c250fe",
                "sha256:0cc941b37b8c2ececfed341444a456912e740ecf515d560de58b9a76562d966d",
                "sha256:10e8af18d1315de936d67775d3a814cc81d0747a1a0312d84e27ae5610e313b0",
                "sha256:1b4276550b86caa60606bd3572b52769860a81a70754a54acc8ba789ce74d607",
                "sha256:1e8a2627c48266c7b813975335cfdea58c706fe36f607c97d9392e61502dc79d",
                "sha256:2b224052bfd801beb7478b03e8a66f3f25ea56ea488922e98903914ac9ac930b",
                "sha256:447c450a093766744ab53bf1e7063ec82866f27bcb4f4c907da25ad293bba7e3",
                "sha256:46101fc20c6f6568561cdd15a54018bb42980954b79aa46da8ae6f008066a30e",
                "sha256:4710dc676bb4b779c4361b54eb308bc84d64a2fa3d78e5f7228921eccce5d815",
                "sha256:510986f9a280cd05189b42eee2b69fecdf5bf9651d4cd315ea21d24a964a3c36",
                "sha256:5535dda5739257effef56e49a1c51c71f1d37a6e5607bb25a5eee507c59580d1",
                "sha256:5a7524042014642b39b1fcae85fb37556c200e64ec90824ae9ecf7b667ccfc14",
                "sha256:5f55028169ef85e1fa8e4b8b1b91c0b3b0fa3297c4fb22990d46ff01d22c2d6c",
                "sha256:6694d5573e7790a0e8d3d177d7a416ca5f5c150742ee703f3c18df76260de794",
                "sha256:6831e1ac20ac52634da606b658b0b2712d26984999c9d93f0c6e59fe62ca741b",
                "sha256:77f0d9fa5e10d03aa4528436e33423bfa3718b86c646615f04616294c935f840",
                "sha256:828ad813c7cdc2e71dcf141912c685bfe4b548c0e6d9540db6418b807c345ddd",
                "sha256:85a06c61598b14b015d4df233d249cd5abfa61084ef5b9f64a48e997fd829a82",
                "sha256:8cb4febad0f0b26c6f62e1628f2053954ad2c555d67660f28dfb1b0496711952",
                "sha256:a5c58664b23b248b16b96253880b2868fb34358911400a7ba39d7f6399935389",
                "sha256:aaa0f296e503cda4bc07566f592cd7a28779d433f3a23c48082af425d6d5a78f",
                "sha256:ab235d9fe64833f12d1334d29b558aacedfbca2356dfb9691f2d0d38a8a7bfb4",
                "sha256:b3b0c8f660fae65eac74fbf003f3103769b90012ae7a460863010539bb7a80da",
                "sha256:bab8e6d510d2ea0f1d14f12642e3f35cefa47a9b2e4c7cea1852b52bc9c49647",
                "sha256:c45297bbdbc8bb79b02cf41417d63352b70bcb76f1bbb1ee7d47b3e89e42f95d",
                "sha256:d19bca47c8a01b92640c614a9147b081a1974f69168ecd494687c827109e8f42",
                "sha256:d64b4340a0c488a9e79b66ec9f9d77d02b99b772c8b8afd46c1294c1d39ca478",
                "sha256:da969da069a82bbb5300b59161d8d7c8d423bc4ccd3b410a9b4d8932aeefc14b",
                "sha256:ed02c7539705696ecb7dc9d476d861f3904a8d2b7e894bd418994920935d36bb",
                "sha256:ee5b8abc35b549012e03a7b1e86c09491457dba6c94112a2482b18589cc2bdb9"
            ],
            "index": "pypi",
            "version": "==4.5.2"
        },
        "cssselect": {
            "hashes": [
                "sha256:066d8bc5229af09617e24b3ca4d52f1f9092d9e061931f4184cd572885c23204",
                "sha256:3b5103e8789da9e936a68d993b70df732d06b8bb9a337a05ed4eb52c17ef7206"
            ],
            "version": "==1.0.3"
        },
        "factory-boy": {
            "hashes": [
                "sha256:6f25cc4761ac109efd503f096e2ad99421b1159f01a29dbb917359dcd68e08ca",
                "sha256:d552cb872b310ae78bd7429bf318e42e1e903b1a109e899a523293dfa762ea4f"
            ],
            "index": "pypi",
            "version": "==2.11.1"
        },
        "faker": {
            "hashes": [
                "sha256:c61a41d0dab8865b850bd00454fb11e90f3fd2a092d8bc90120d1e1c01cff906",
                "sha256:f909ff9133ce0625ca388b6838190630ad7a593f87eaf058d872338a76241d5d"
            ],
            "version": "==1.0.0"
        },
        "fancycompleter": {
            "hashes": [
                "sha256:d2522f1f3512371f295379c4c0d1962de06762eb586c199620a2a5d423539b12"
            ],
            "version": "==0.8"
        },
        "filelock": {
            "hashes": [
                "sha256:b8d5ca5ca1c815e1574aee746650ea7301de63d87935b3463d26368b76e31633",
                "sha256:d610c1bb404daf85976d7a82eb2ada120f04671007266b708606565dd03b5be6"
            ],
            "version": "==3.0.10"
        },
        "lxml": {
            "hashes": [
                "sha256:02bc220d61f46e9b9d5a53c361ef95e9f5e1d27171cd461dddb17677ae2289a5",
                "sha256:22f253b542a342755f6cfc047fe4d3a296515cf9b542bc6e261af45a80b8caf6",
                "sha256:2f31145c7ff665b330919bfa44aacd3a0211a76ca7e7b441039d2a0b0451e415",
                "sha256:36720698c29e7a9626a0dc802ef8885f8f0239bfd1689628ecd459a061f2807f",
                "sha256:438a1b0203545521f6616132bfe0f4bca86f8a401364008b30e2b26ec408ce85",
                "sha256:4815892904c336bbaf73dafd54f45f69f4021c22b5bad7332176bbf4fb830568",
                "sha256:5be031b0f15ad63910d8e5038b489d95a79929513b3634ad4babf77100602588",
                "sha256:5c93ae37c3c588e829b037fdfbd64a6e40c901d3f93f7beed6d724c44829a3ad",
                "sha256:60842230678674cdac4a1cf0f707ef12d75b9a4fc4a565add4f710b5fcf185d5",
                "sha256:62939a8bb6758d1bf923aa1c13f0bcfa9bf5b2fc0f5fa917a6e25db5fe0cfa4e",
                "sha256:75830c06a62fe7b8fe3bbb5f269f0b308f19f3949ac81cfd40062f47c1455faf",
                "sha256:81992565b74332c7c1aff6a913a3e906771aa81c9d0c68c68113cffcae45bc53",
                "sha256:8c892fb0ee52c594d9a7751c7d7356056a9682674b92cc1c4dc968ff0f30c52f",
                "sha256:9d862e3cf4fc1f2837dedce9c42269c8c76d027e49820a548ac89fdcee1e361f",
                "sha256:a623965c086a6e91bb703d4da62dabe59fe88888e82c4117d544e11fd74835d6",
                "sha256:a7783ab7f6a508b0510490cef9f857b763d796ba7476d9703f89722928d1e113",
                "sha256:aab09fbe8abfa3b9ce62aaf45aca2d28726b1b9ee44871dbe644050a2fff4940",
                "sha256:abf181934ac3ef193832fb973fd7f6149b5c531903c2ec0f1220941d73eee601",
                "sha256:ae07fa0c115733fce1e9da96a3ac3fa24801742ca17e917e0c79d63a01eeb843",
                "sha256:b9c78242219f674ab645ec571c9a95d70f381319a23911941cd2358a8e0521cf",
                "sha256:bccb267678b870d9782c3b44d0cefe3ba0e329f9af8c946d32bf3778e7a4f271",
                "sha256:c4df4d27f4c93b2cef74579f00b1d3a31a929c7d8023f870c4b476f03a274db4",
                "sha256:caf0e50b546bb60dfa99bb18dfa6748458a83131ecdceaf5c071d74907e7e78a",
                "sha256:d3266bd3ac59ac4edcd5fa75165dee80b94a3e5c91049df5f7c057ccf097551c",
                "sha256:db0d213987bcd4e6d41710fb4532b22315b0d8fb439ff901782234456556aed1",
                "sha256:dbbd5cf7690a40a9f0a9325ab480d0fccf46d16b378eefc08e195d84299bfae1",
                "sha256:e16e07a0ec3a75b5ee61f2b1003c35696738f937dc8148fbda9fe2147ccb6e61",
                "sha256:e175a006725c7faadbe69e791877d09936c0ef2cf49d01b60a6c1efcb0e8be6f",
                "sha256:edd9c13a97f6550f9da2236126bb51c092b3b1ce6187f2bd966533ad794bbb5e",
                "sha256:fa39ea60d527fbdd94215b5e5552f1c6a912624521093f1384a491a8ad89ad8b"
            ],
            "version": "==4.2.5"
        },
        "mock": {
            "hashes": [
                "sha256:5ce3c71c5545b472da17b72268978914d0252980348636840bd34a00b5cc96c1",
                "sha256:b158b6df76edd239b8208d481dc46b6afd45a846b7812ff0ce58971cf5bc8bba"
            ],
            "index": "pypi",
            "version": "==2.0.0"
        },
        "more-itertools": {
            "hashes": [
                "sha256:c187a73da93e7a8acc0001572aebc7e3c69daf7bf6881a2cea10650bd4420092",
                "sha256:c476b5d3a34e12d40130bc2f935028b5f636df8f372dc2c1c01dc19681b2039e",
                "sha256:fcbfeaea0be121980e15bc97b3817b5202ca73d0eae185b4550cbfce2a3ebb3d"
            ],
            "version": "==4.3.0"
        },
        "packaging": {
            "hashes": [
                "sha256:0886227f54515e592aaa2e5a553332c73962917f2831f1b0f9b9f4380a4b9807",
                "sha256:f95a1e147590f204328170981833854229bb2912ac3d5f89e2a8ccd2834800c9"
            ],
            "version": "==18.0"
        },
        "pbr": {
            "hashes": [
                "sha256:f59d71442f9ece3dffc17bc36575768e1ee9967756e6b6535f0ee1f0054c3d68",
                "sha256:f6d5b23f226a2ba58e14e49aa3b1bfaf814d0199144b95d78458212444de1387"
            ],
            "version": "==5.1.1"
        },
        "pdbpp": {
            "hashes": [
                "sha256:dde77326e4ea41439c243ed065826d53539530eeabd1b6615aae15cfbb9fda05"
            ],
            "index": "pypi",
            "version": "==0.9.2"
        },
        "pluggy": {
            "hashes": [
                "sha256:447ba94990e8014ee25ec853339faf7b0fc8050cdc3289d4d71f7f410fb90095",
                "sha256:bde19360a8ec4dfd8a20dcb811780a30998101f078fc7ded6162f0076f50508f"
            ],
            "version": "==0.8.0"
        },
        "py": {
            "hashes": [
                "sha256:bf92637198836372b520efcba9e020c330123be8ce527e535d185ed4b6f45694",
                "sha256:e76826342cefe3c3d5f7e8ee4316b80d1dd8a300781612ddbc765c17ba25a6c6"
            ],
            "version": "==1.7.0"
        },
        "pycodestyle": {
            "hashes": [
                "sha256:cbc619d09254895b0d12c2c691e237b2e91e9b2ecf5e84c26b35400f93dcfb83",
                "sha256:cbfca99bd594a10f674d0cd97a3d802a1fdef635d4361e1a2658de47ed261e3a"
            ],
            "version": "==2.4.0"
        },
        "pygments": {
            "hashes": [
                "sha256:78f3f434bcc5d6ee09020f92ba487f95ba50f1e3ef83ae96b9d5ffa1bab25c5d",
                "sha256:dbae1046def0efb574852fab9e90209b23f556367b5a320c0bcb871c77c3e8cc"
            ],
            "version": "==2.2.0"
        },
        "pyparsing": {
            "hashes": [
                "sha256:40856e74d4987de5d01761a22d1621ae1c7f8774585acae358aa5c5936c6c90b",
                "sha256:f353aab21fd474459d97b709e527b5571314ee5f067441dc9f88e33eecd96592"
            ],
            "version": "==2.3.0"
        },
        "pyquery": {
            "hashes": [
                "sha256:07987c2ed2aed5cba29ff18af95e56e9eb04a2249f42ce47bddfb37f487229a3",
                "sha256:4771db76bd14352eba006463656aef990a0147a0eeaf094725097acfa90442bf"
            ],
            "index": "pypi",
            "version": "==1.4.0"
        },
        "pytest": {
            "hashes": [
                "sha256:488c842647bbeb350029da10325cb40af0a9c7a2fdda45aeb1dda75b60048ffb",
                "sha256:c055690dfefa744992f563e8c3a654089a6aa5b8092dded9b6fafbd70b2e45a7"
            ],
            "index": "pypi",
            "version": "==4.0.0"
        },
        "pytest-cov": {
            "hashes": [
                "sha256:513c425e931a0344944f84ea47f3956be0e416d95acbd897a44970c8d926d5d7",
                "sha256:e360f048b7dae3f2f2a9a4d067b2dd6b6a015d384d1577c994a43f3f7cbad762"
            ],
            "index": "pypi",
            "version": "==2.6.0"
        },
        "pytest-mock": {
            "hashes": [
                "sha256:53801e621223d34724926a5c98bd90e8e417ce35264365d39d6c896388dcc928",
                "sha256:d89a8209d722b8307b5e351496830d5cc5e192336003a485443ae9adeb7dd4c0"
            ],
            "index": "pypi",
            "version": "==1.10.0"
        },
        "pytest-sugar": {
            "hashes": [
                "sha256:26cf8289fe10880cbbc130bd77398c4e6a8b936d8393b116a5c16121d95ab283",
                "sha256:fcd87a74b2bce5386d244b49ad60549bfbc4602527797fac167da147983f58ab"
            ],
            "index": "pypi",
            "version": "==0.9.2"
        },
        "python-dateutil": {
            "hashes": [
                "sha256:063df5763652e21de43de7d9e00ccf239f953a832941e37be541614732cdfc93",
                "sha256:88f9287c0174266bb0d8cedd395cfba9c58e87e5ad86b2ce58859bc11be3cf02"
            ],
            "version": "==2.7.5"
        },
        "six": {
            "hashes": [
                "sha256:70e8a77beed4562e7f14fe23a786b54f6296e34344c23bc42f07b15018ff98e9",
                "sha256:832dc0e10feb1aa2c68dcc57dbb658f1c7e65b9b61af69048abc87a2db00a0eb"
            ],
            "version": "==1.11.0"
        },
        "termcolor": {
            "hashes": [
                "sha256:1d6d69ce66211143803fbc56652b41d73b4a400a2891d7bf7a1cdf4c02de613b"
            ],
            "index": "pypi",
            "version": "==1.1.0"
        },
        "text-unidecode": {
            "hashes": [
                "sha256:5a1375bb2ba7968740508ae38d92e1f889a0832913cb1c447d5e2046061a396d",
                "sha256:801e38bd550b943563660a91de8d4b6fa5df60a542be9093f7abf819f86050cc"
            ],
            "version": "==1.2"
        },
        "toml": {
            "hashes": [
                "sha256:229f81c57791a41d65e399fc06bf0848bab550a9dfd5ed66df18ce5f05e73d5c",
                "sha256:235682dd292d5899d361a811df37e04a8828a5b1da3115886b73cf81ebc9100e"
            ],
            "version": "==0.10.0"
        },
        "tox": {
            "hashes": [
                "sha256:513e32fdf2f9e2d583c2f248f47ba9886428c949f068ac54a0469cac55df5862",
                "sha256:75fa30e8329b41b664585f5fb837e23ce1d7e6fa1f7811f2be571c990f9d911b"
            ],
            "index": "pypi",
            "version": "==3.5.3"
        },
        "virtualenv": {
            "hashes": [
                "sha256:686176c23a538ecc56d27ed9d5217abd34644823d6391cbeb232f42bf722baad",
                "sha256:f899fafcd92e1150f40c8215328be38ff24b519cd95357fa6e78e006c7638208"
            ],
            "version": "==16.1.0"
        },
        "waitress": {
            "hashes": [
                "sha256:40b0f297a7f3af61fbfbdc67e59090c70dc150a1601c39ecc9f5f1d283fb931b",
                "sha256:d33cd3d62426c0f1b3cd84ee3d65779c7003aae3fc060dee60524d10a57f05a9"
            ],
            "index": "pypi",
            "version": "==1.1.0"
        },
        "webob": {
            "hashes": [
                "sha256:a48315158db05df0c47fbdd061b57ba0ba85bdd0b6ea9dca87511b4b7c798e99",
                "sha256:fc8c466af474e2e2775f1aef7afb902ed8b82e597eb0b13624818a34e8bfe720"
            ],
            "version": "==1.8.4"
        },
        "webtest": {
            "hashes": [
                "sha256:4221020d502ff414c5fba83c1213985b83219cb1cc611fe58aa4feaf96b5e062",
                "sha256:9f1e6faad0b732911793e4d6f54aede292b0c3ee0b3ef7afb2011ec4f4044cc8"
            ],
            "index": "pypi",
            "version": "==2.0.32"
        },
        "wheel": {
            "hashes": [
                "sha256:196c9842d79262bb66fcf59faa4bd0deb27da911dbc7c6cdca931080eb1f0783",
                "sha256:c93e2d711f5f9841e17f53b0e6c0ff85593f3b416b6eec7a9452041a59a42688"
            ],
            "index": "pypi",
            "version": "==0.32.2"
        },
        "wmctrl": {
            "hashes": [
                "sha256:d806f65ac1554366b6e31d29d7be2e8893996c0acbb2824bbf2b1f49cf628a13"
            ],
            "version": "==0.3"
        }
    }
}
